
Microsoft Visual Studio Solution File, Format Version 12.00
# Visual Studio Version 16
VisualStudioVersion = 25.0.1705.4
MinimumVisualStudioVersion = 10.0.40219.1
Project("{FAE04EC0-301F-11D3-BF4B-00C04F79EFBC}") = "NUnitSample", "NUnitSample\NUnitSample.csproj", "{5A10785A-3B6C-40E2-B31E-71C818116D83}"
EndProject
Project("{FAE04EC0-301F-11D3-BF4B-00C04F79EFBC}") = "LibrarySample", "LibrarySample\LibrarySample.csproj", "{4FD454A7-1521-4DAD-A34E-F3AA77049515}"
EndProject
Project("{FAE04EC0-301F-11D3-BF4B-00C04F79EFBC}") = "ConsoleSample", "ConsoleSample\ConsoleSample.csproj", "{7BC97302-D0DB-4ED7-A6B0-D0DF7DC34B21}"
EndProject
Global
	GlobalSection(SolutionConfigurationPlatforms) = preSolution
		Debug|Any CPU = Debug|Any CPU
		Release|Any CPU = Release|Any CPU
	EndGlobalSection
	GlobalSection(ProjectConfigurationPlatforms) = postSolution
		{5A10785A-3B6C-40E2-B31E-71C818116D83}.Debug|Any CPU.ActiveCfg = Debug|Any CPU
		{5A10785A-3B6C-40E2-B31E-71C818116D83}.Debug|Any CPU.Build.0 = Debug|Any CPU
		{5A10785A-3B6C-40E2-B31E-71C818116D83}.Release|Any CPU.ActiveCfg = Release|Any CPU
		{5A10785A-3B6C-40E2-B31E-71C818116D83}.Release|Any CPU.Build.0 = Release|Any CPU
		{4FD454A7-1521-4DAD-A34E-F3AA77049515}.Debug|Any CPU.ActiveCfg = Debug|Any CPU
		{4FD454A7-1521-4DAD-A34E-F3AA77049515}.Debug|Any CPU.Build.0 = Debug|Any CPU
		{4FD454A7-1521-4DAD-A34E-F3AA77049515}.Release|Any CPU.ActiveCfg = Release|Any CPU
		{4FD454A7-1521-4DAD-A34E-F3AA77049515}.Release|Any CPU.Build.0 = Release|Any CPU
		{7BC97302-D0DB-4ED7-A6B0-D0DF7DC34B21}.Debug|Any CPU.ActiveCfg = Debug|Any CPU
		{7BC97302-D0DB-4ED7-A6B0-D0DF7DC34B21}.Debug|Any CPU.Build.0 = Debug|Any CPU
		{7BC97302-D0DB-4ED7-A6B0-D0DF7DC34B21}.Release|Any CPU.ActiveCfg = Release|Any CPU
		{7BC97302-D0DB-4ED7-A6B0-D0DF7DC34B21}.Release|Any CPU.Build.0 = Release|Any CPU
	EndGlobalSection
	GlobalSection(SolutionProperties) = preSolution
		HideSolutionNode = FALSE
	EndGlobalSection
	GlobalSection(ExtensibilityGlobals) = postSolution
		SolutionGuid = {DCB76361-EF2A-4DBF-95B6-72144BA75409}
	EndGlobalSection
EndGlobal
