
Microsoft Visual Studio Solution File, Format Version 12.00
# Visual Studio Version 17
VisualStudioVersion = 17.8.34330.188
MinimumVisualStudioVersion = 10.0.40219.1
Project("{9A19103F-16F7-4668-BE54-9A1E7A4F7556}") = "NUnitSample", "NUnitSample\NUnitSample.csproj", "{5A10785A-3B6C-40E2-B31E-71C818116D83}"
EndProject
Project("{9A19103F-16F7-4668-BE54-9A1E7A4F7556}") = "LibrarySample", "LibrarySample\LibrarySample.csproj", "{4FD454A7-1521-4DAD-A34E-F3AA77049515}"
EndProject
Project("{9A19103F-16F7-4668-BE54-9A1E7A4F7556}") = "ConsoleSample", "ConsoleSample\ConsoleSample.csproj", "{7BC97302-D0DB-4ED7-A6B0-D0DF7DC34B21}"
EndProject
Project("{9A19103F-16F7-4668-BE54-9A1E7A4F7556}") = "MVVMSample", "MVVMSample\MVVMSample.csproj", "{C7D5E9C1-138E-49BF-8F30-5FE9F6F020D1}"
EndProject
Project("{9A19103F-16F7-4668-BE54-9A1E7A4F7556}") = "FrameSample", "FrameSample\FrameSample.csproj", "{4499B9A9-0460-4929-B940-3CEB9C68BB65}"
EndProject
Project("{FAE04EC0-301F-11D3-BF4B-00C04F79EFBC}") = "SeleniumExample", "SeleniumExample\SeleniumExample.csproj", "{EAD8183A-E336-4A5B-AC4D-AAA45A541CC8}"
EndProject
Global
	GlobalSection(SolutionConfigurationPlatforms) = preSolution
		Debug|Any CPU = Debug|Any CPU
		Release|Any CPU = Release|Any CPU
	EndGlobalSection
	GlobalSection(ProjectConfigurationPlatforms) = postSolution
		{5A10785A-3B6C-40E2-B31E-71C818116D83}.Debug|Any CPU.ActiveCfg = Debug|Any CPU
		{5A10785A-3B6C-40E2-B31E-71C818116D83}.Debug|Any CPU.Build.0 = Debug|Any CPU
		{5A10785A-3B6C-40E2-B31E-71C818116D83}.Release|Any CPU.ActiveCfg = Release|Any CPU
		{5A10785A-3B6C-40E2-B31E-71C818116D83}.Release|Any CPU.Build.0 = Release|Any CPU
		{4FD454A7-1521-4DAD-A34E-F3AA77049515}.Debug|Any CPU.ActiveCfg = Debug|Any CPU
		{4FD454A7-1521-4DAD-A34E-F3AA77049515}.Debug|Any CPU.Build.0 = Debug|Any CPU
		{4FD454A7-1521-4DAD-A34E-F3AA77049515}.Release|Any CPU.ActiveCfg = Release|Any CPU
		{4FD454A7-1521-4DAD-A34E-F3AA77049515}.Release|Any CPU.Build.0 = Release|Any CPU
		{7BC97302-D0DB-4ED7-A6B0-D0DF7DC34B21}.Debug|Any CPU.ActiveCfg = Debug|Any CPU
		{7BC97302-D0DB-4ED7-A6B0-D0DF7DC34B21}.Debug|Any CPU.Build.0 = Debug|Any CPU
		{7BC97302-D0DB-4ED7-A6B0-D0DF7DC34B21}.Release|Any CPU.ActiveCfg = Release|Any CPU
		{7BC97302-D0DB-4ED7-A6B0-D0DF7DC34B21}.Release|Any CPU.Build.0 = Release|Any CPU
		{C7D5E9C1-138E-49BF-8F30-5FE9F6F020D1}.Debug|Any CPU.ActiveCfg = Debug|Any CPU
		{C7D5E9C1-138E-49BF-8F30-5FE9F6F020D1}.Debug|Any CPU.Build.0 = Debug|Any CPU
		{C7D5E9C1-138E-49BF-8F30-5FE9F6F020D1}.Release|Any CPU.ActiveCfg = Release|Any CPU
		{C7D5E9C1-138E-49BF-8F30-5FE9F6F020D1}.Release|Any CPU.Build.0 = Release|Any CPU
		{4499B9A9-0460-4929-B940-3CEB9C68BB65}.Debug|Any CPU.ActiveCfg = Debug|Any CPU
		{4499B9A9-0460-4929-B940-3CEB9C68BB65}.Debug|Any CPU.Build.0 = Debug|Any CPU
		{4499B9A9-0460-4929-B940-3CEB9C68BB65}.Release|Any CPU.ActiveCfg = Release|Any CPU
		{4499B9A9-0460-4929-B940-3CEB9C68BB65}.Release|Any CPU.Build.0 = Release|Any CPU
		{EAD8183A-E336-4A5B-AC4D-AAA45A541CC8}.Debug|Any CPU.ActiveCfg = Debug|Any CPU
		{EAD8183A-E336-4A5B-AC4D-AAA45A541CC8}.Debug|Any CPU.Build.0 = Debug|Any CPU
		{EAD8183A-E336-4A5B-AC4D-AAA45A541CC8}.Release|Any CPU.ActiveCfg = Release|Any CPU
		{EAD8183A-E336-4A5B-AC4D-AAA45A541CC8}.Release|Any CPU.Build.0 = Release|Any CPU
	EndGlobalSection
	GlobalSection(SolutionProperties) = preSolution
		HideSolutionNode = FALSE
	EndGlobalSection
	GlobalSection(ExtensibilityGlobals) = postSolution
		SolutionGuid = {DCB76361-EF2A-4DBF-95B6-72144BA75409}
	EndGlobalSection
EndGlobal
