
Microsoft Visual Studio Solution File, Format Version 12.00
# Visual Studio Version 17
VisualStudioVersion = 17.8.34330.188
MinimumVisualStudioVersion = 10.0.40219.1
Project("{9A19103F-16F7-4668-BE54-9A1E7A4F7556}") = "NUnitSample", "NUnitSample\NUnitSample.csproj", "{5A10785A-3B6C-40E2-B31E-71C818116D83}"
EndProject
Project("{9A19103F-16F7-4668-BE54-9A1E7A4F7556}") = "LibrarySample", "LibrarySample\LibrarySample.csproj", "{4FD454A7-1521-4DAD-A34E-F3AA77049515}"
EndProject
Project("{9A19103F-16F7-4668-BE54-9A1E7A4F7556}") = "ConsoleSample", "ConsoleSample\ConsoleSample.csproj", "{7BC97302-D0DB-4ED7-A6B0-D0DF7DC34B21}"
EndProject
Project("{9A19103F-16F7-4668-BE54-9A1E7A4F7556}") = "MVVMSample", "MVVMSample\MVVMSample.csproj", "{C7D5E9C1-138E-49BF-8F30-5FE9F6F020D1}"
EndProject
Project("{9A19103F-16F7-4668-BE54-9A1E7A4F7556}") = "FrameSample", "FrameSample\FrameSample.csproj", "{4499B9A9-0460-4929-B940-3CEB9C68BB65}"
EndProject
Project("{9A19103F-16F7-4668-BE54-9A1E7A4F7556}") = "EdgeWebDriverTest", "EdgeWebDriverTest\EdgeWebDriverTest.csproj", "{F4ED422D-DBC6-4573-A636-E0E42778E310}"
EndProject
Project("{9A19103F-16F7-4668-BE54-9A1E7A4F7556}") = "SeleniumSample", "SeleniumSample\SeleniumSample.csproj", "{C796F4F4-E4A4-4364-8879-BB0597FA48C3}"
EndProject
Project("{9A19103F-16F7-4668-BE54-9A1E7A4F7556}") = "MVVMSample2", "MVVMSample2\MVVMSample2.csproj", "{1F09D7F9-7B68-4EA7-B10B-AF5873814FD5}"
EndProject
Project("{2150E333-8FDC-42A3-9474-1A3956D46DE8}") = "Web", "Web", "{DB27150A-F1B2-485B-AD91-367B63C0072B}"
EndProject
Project("{FAE04EC0-301F-11D3-BF4B-00C04F79EFBC}") = "API", "API\API.csproj", "{AB058459-4A91-4813-B841-379EC3F8CEEC}"
EndProject
Global
	GlobalSection(SolutionConfigurationPlatforms) = preSolution
		Debug|Any CPU = Debug|Any CPU
		Release|Any CPU = Release|Any CPU
	EndGlobalSection
	GlobalSection(ProjectConfigurationPlatforms) = postSolution
		{5A10785A-3B6C-40E2-B31E-71C818116D83}.Debug|Any CPU.ActiveCfg = Debug|Any CPU
		{5A10785A-3B6C-40E2-B31E-71C818116D83}.Debug|Any CPU.Build.0 = Debug|Any CPU
		{5A10785A-3B6C-40E2-B31E-71C818116D83}.Release|Any CPU.ActiveCfg = Release|Any CPU
		{5A10785A-3B6C-40E2-B31E-71C818116D83}.Release|Any CPU.Build.0 = Release|Any CPU
		{4FD454A7-1521-4DAD-A34E-F3AA77049515}.Debug|Any CPU.ActiveCfg = Debug|Any CPU
		{4FD454A7-1521-4DAD-A34E-F3AA77049515}.Debug|Any CPU.Build.0 = Debug|Any CPU
		{4FD454A7-1521-4DAD-A34E-F3AA77049515}.Release|Any CPU.ActiveCfg = Release|Any CPU
		{4FD454A7-1521-4DAD-A34E-F3AA77049515}.Release|Any CPU.Build.0 = Release|Any CPU
		{7BC97302-D0DB-4ED7-A6B0-D0DF7DC34B21}.Debug|Any CPU.ActiveCfg = Debug|Any CPU
		{7BC97302-D0DB-4ED7-A6B0-D0DF7DC34B21}.Debug|Any CPU.Build.0 = Debug|Any CPU
		{7BC97302-D0DB-4ED7-A6B0-D0DF7DC34B21}.Release|Any CPU.ActiveCfg = Release|Any CPU
		{7BC97302-D0DB-4ED7-A6B0-D0DF7DC34B21}.Release|Any CPU.Build.0 = Release|Any CPU
		{C7D5E9C1-138E-49BF-8F30-5FE9F6F020D1}.Debug|Any CPU.ActiveCfg = Debug|Any CPU
		{C7D5E9C1-138E-49BF-8F30-5FE9F6F020D1}.Debug|Any CPU.Build.0 = Debug|Any CPU
		{C7D5E9C1-138E-49BF-8F30-5FE9F6F020D1}.Release|Any CPU.ActiveCfg = Release|Any CPU
		{C7D5E9C1-138E-49BF-8F30-5FE9F6F020D1}.Release|Any CPU.Build.0 = Release|Any CPU
		{4499B9A9-0460-4929-B940-3CEB9C68BB65}.Debug|Any CPU.ActiveCfg = Debug|Any CPU
		{4499B9A9-0460-4929-B940-3CEB9C68BB65}.Debug|Any CPU.Build.0 = Debug|Any CPU
		{4499B9A9-0460-4929-B940-3CEB9C68BB65}.Release|Any CPU.ActiveCfg = Release|Any CPU
		{4499B9A9-0460-4929-B940-3CEB9C68BB65}.Release|Any CPU.Build.0 = Release|Any CPU
		{F4ED422D-DBC6-4573-A636-E0E42778E310}.Debug|Any CPU.ActiveCfg = Debug|Any CPU
		{F4ED422D-DBC6-4573-A636-E0E42778E310}.Debug|Any CPU.Build.0 = Debug|Any CPU
		{F4ED422D-DBC6-4573-A636-E0E42778E310}.Release|Any CPU.ActiveCfg = Release|Any CPU
		{F4ED422D-DBC6-4573-A636-E0E42778E310}.Release|Any CPU.Build.0 = Release|Any CPU
		{C796F4F4-E4A4-4364-8879-BB0597FA48C3}.Debug|Any CPU.ActiveCfg = Debug|Any CPU
		{C796F4F4-E4A4-4364-8879-BB0597FA48C3}.Debug|Any CPU.Build.0 = Debug|Any CPU
		{C796F4F4-E4A4-4364-8879-BB0597FA48C3}.Release|Any CPU.ActiveCfg = Release|Any CPU
		{C796F4F4-E4A4-4364-8879-BB0597FA48C3}.Release|Any CPU.Build.0 = Release|Any CPU
		{1F09D7F9-7B68-4EA7-B10B-AF5873814FD5}.Debug|Any CPU.ActiveCfg = Debug|Any CPU
		{1F09D7F9-7B68-4EA7-B10B-AF5873814FD5}.Debug|Any CPU.Build.0 = Debug|Any CPU
		{1F09D7F9-7B68-4EA7-B10B-AF5873814FD5}.Release|Any CPU.ActiveCfg = Release|Any CPU
		{1F09D7F9-7B68-4EA7-B10B-AF5873814FD5}.Release|Any CPU.Build.0 = Release|Any CPU
		{AB058459-4A91-4813-B841-379EC3F8CEEC}.Debug|Any CPU.ActiveCfg = Debug|Any CPU
		{AB058459-4A91-4813-B841-379EC3F8CEEC}.Debug|Any CPU.Build.0 = Debug|Any CPU
		{AB058459-4A91-4813-B841-379EC3F8CEEC}.Release|Any CPU.ActiveCfg = Release|Any CPU
		{AB058459-4A91-4813-B841-379EC3F8CEEC}.Release|Any CPU.Build.0 = Release|Any CPU
	EndGlobalSection
	GlobalSection(SolutionProperties) = preSolution
		HideSolutionNode = FALSE
	EndGlobalSection
	GlobalSection(NestedProjects) = preSolution
		{AB058459-4A91-4813-B841-379EC3F8CEEC} = {DB27150A-F1B2-485B-AD91-367B63C0072B}
	EndGlobalSection
	GlobalSection(ExtensibilityGlobals) = postSolution
		SolutionGuid = {DCB76361-EF2A-4DBF-95B6-72144BA75409}
	EndGlobalSection
EndGlobal
